lockfile_version: '2'
generated_at: '2026-06-17T11:30:42.702975+00:00'
apm_version: 0.19.0
dependencies:
- repo_url: mekras/ai-agent-supervisor
  host: github.com
  resolved_commit: 90cdbf1510e23d6fe3352a157c2ae45bfa5d7166
  resolved_ref: 0.3.1
  version: 0.3.1
  package_type: skill_bundle
  deployed_files:
  - .agents/skills/ai-agents-md-maintenance
  - .agents/skills/ai-agents-md-maintenance/SKILL.md
  - .agents/skills/ai-agents-md-maintenance/agents/openai.yaml
  - .agents/skills/ai-agents-md-maintenance/evals/result-scenarios.json
  - .agents/skills/ai-agents-md-maintenance/evals/triggers.json
  - .agents/skills/ai-agents-md-maintenance/references/content-guidelines.md
  - .agents/skills/ai-agents-md-maintenance/references/maintenance-checklist.md
  - .agents/skills/ai-apm-setup
  - .agents/skills/ai-apm-setup/SKILL.md
  - .agents/skills/ai-apm-setup/agents/openai.yaml
  - .agents/skills/ai-apm-setup/evals/result-scenarios.json
  - .agents/skills/ai-apm-setup/evals/triggers.json
  - .agents/skills/ai-apm-setup/references/apm-collection-settings.md
  - .agents/skills/ai-apm-setup/scripts/setup-apm-collection
  - .agents/skills/ai-application-check
  - .agents/skills/ai-application-check/SKILL.md
  - .agents/skills/ai-application-check/agents/openai.yaml
  - .agents/skills/ai-application-check/assets/application-check-template.md
  - .agents/skills/ai-application-check/evals/result-scenarios.json
  - .agents/skills/ai-application-check/evals/triggers.json
  - .agents/skills/ai-application-check/references/application-check.md
  - .agents/skills/ai-audit-agents-md
  - .agents/skills/ai-audit-agents-md/SKILL.md
  - .agents/skills/ai-audit-agents-md/agents/openai.yaml
  - .agents/skills/ai-audit-agents-md/evals/result-scenarios.json
  - .agents/skills/ai-audit-agents-md/evals/triggers.json
  - .agents/skills/ai-audit-agents-md/references/review-checklist.md
  - .agents/skills/ai-audit-project
  - .agents/skills/ai-audit-project/README.md
  - .agents/skills/ai-audit-project/SKILL.md
  - .agents/skills/ai-audit-project/agents/openai.yaml
  - .agents/skills/ai-audit-project/evals/result-scenarios.json
  - .agents/skills/ai-audit-project/evals/triggers.json
  - .agents/skills/ai-audit-project/references/audit-checklist.md
  - .agents/skills/ai-data-collection
  - .agents/skills/ai-data-collection/SKILL.md
  - .agents/skills/ai-data-collection/agents/openai.yaml
  - .agents/skills/ai-data-collection/evals/result-scenarios.json
  - .agents/skills/ai-data-collection/evals/triggers.json
  - .agents/skills/ai-data-collection/references/data-collection-procedure.md
  - .agents/skills/ai-rule-failure-analysis
  - .agents/skills/ai-rule-failure-analysis/SKILL.md
  - .agents/skills/ai-rule-failure-analysis/agents/openai.yaml
  - .agents/skills/ai-rule-failure-analysis/evals/result-scenarios.json
  - .agents/skills/ai-rule-failure-analysis/evals/triggers.json
  - .agents/skills/ai-skill-development
  - .agents/skills/ai-skill-development/SKILL.md
  - .agents/skills/ai-skill-development/agents/openai.yaml
  - .agents/skills/ai-skill-development/evals/result-scenarios.json
  - .agents/skills/ai-skill-development/evals/triggers.json
  - .agents/skills/ai-skill-development/references/project-specific-skills.md
  - .agents/skills/ai-skill-development/references/review-checklist.md
  - .agents/skills/ai-skill-development/references/validation.md
  - .agents/skills/ai-subagent-setup
  - .agents/skills/ai-subagent-setup/README.md
  - .agents/skills/ai-subagent-setup/SKILL.md
  - .agents/skills/ai-subagent-setup/agents/openai.yaml
  - .agents/skills/ai-subagent-setup/evals/result-scenarios.json
  - .agents/skills/ai-subagent-setup/evals/triggers.json
  - .agents/skills/ai-subagent-setup/references/operation-policy.md
  - .agents/skills/ai-subagent-setup/references/routing-patterns.md
  - .agents/skills/ai-subagent-setup/scripts/codex-model-subagent
  - .agents/skills/ai-subagent-setup/scripts/codex-usage-report
  - .agents/skills/ai-subagent-setup/scripts/install-codex-tools
  - .agents/skills/ai-work-control
  - .agents/skills/ai-work-control/SKILL.md
  - .agents/skills/ai-work-control/agents/openai.yaml
  - .agents/skills/ai-work-control/evals/result-scenarios.json
  - .agents/skills/ai-work-control/evals/triggers.json
  - .agents/skills/ai-work-control/references/work-control.md
  - .agents/skills/ai-work-result-evaluation
  - .agents/skills/ai-work-result-evaluation/SKILL.md
  - .agents/skills/ai-work-result-evaluation/agents/openai.yaml
  - .agents/skills/ai-work-result-evaluation/assets/work-result-evaluation-case-template.md
  - .agents/skills/ai-work-result-evaluation/evals/result-scenarios.json
  - .agents/skills/ai-work-result-evaluation/evals/triggers.json
  - .agents/skills/ai-work-result-evaluation/references/work-result-evaluation.md
  - .claude/skills/ai-agents-md-maintenance
  - .claude/skills/ai-agents-md-maintenance/SKILL.md
  - .claude/skills/ai-agents-md-maintenance/agents/openai.yaml
  - .claude/skills/ai-agents-md-maintenance/evals/result-scenarios.json
  - .claude/skills/ai-agents-md-maintenance/evals/triggers.json
  - .claude/skills/ai-agents-md-maintenance/references/content-guidelines.md
  - .claude/skills/ai-agents-md-maintenance/references/maintenance-checklist.md
  - .claude/skills/ai-apm-setup
  - .claude/skills/ai-apm-setup/SKILL.md
  - .claude/skills/ai-apm-setup/agents/openai.yaml
  - .claude/skills/ai-apm-setup/evals/result-scenarios.json
  - .claude/skills/ai-apm-setup/evals/triggers.json
  - .claude/skills/ai-apm-setup/references/apm-collection-settings.md
  - .claude/skills/ai-apm-setup/scripts/setup-apm-collection
  - .claude/skills/ai-application-check
  - .claude/skills/ai-application-check/SKILL.md
  - .claude/skills/ai-application-check/agents/openai.yaml
  - .claude/skills/ai-application-check/assets/application-check-template.md
  - .claude/skills/ai-application-check/evals/result-scenarios.json
  - .claude/skills/ai-application-check/evals/triggers.json
  - .claude/skills/ai-application-check/references/application-check.md
  - .claude/skills/ai-audit-agents-md
  - .claude/skills/ai-audit-agents-md/SKILL.md
  - .claude/skills/ai-audit-agents-md/agents/openai.yaml
  - .claude/skills/ai-audit-agents-md/evals/result-scenarios.json
  - .claude/skills/ai-audit-agents-md/evals/triggers.json
  - .claude/skills/ai-audit-agents-md/references/review-checklist.md
  - .claude/skills/ai-audit-project
  - .claude/skills/ai-audit-project/README.md
  - .claude/skills/ai-audit-project/SKILL.md
  - .claude/skills/ai-audit-project/agents/openai.yaml
  - .claude/skills/ai-audit-project/evals/result-scenarios.json
  - .claude/skills/ai-audit-project/evals/triggers.json
  - .claude/skills/ai-audit-project/references/audit-checklist.md
  - .claude/skills/ai-data-collection
  - .claude/skills/ai-data-collection/SKILL.md
  - .claude/skills/ai-data-collection/agents/openai.yaml
  - .claude/skills/ai-data-collection/evals/result-scenarios.json
  - .claude/skills/ai-data-collection/evals/triggers.json
  - .claude/skills/ai-data-collection/references/data-collection-procedure.md
  - .claude/skills/ai-rule-failure-analysis
  - .claude/skills/ai-rule-failure-analysis/SKILL.md
  - .claude/skills/ai-rule-failure-analysis/agents/openai.yaml
  - .claude/skills/ai-rule-failure-analysis/evals/result-scenarios.json
  - .claude/skills/ai-rule-failure-analysis/evals/triggers.json
  - .claude/skills/ai-skill-development
  - .claude/skills/ai-skill-development/SKILL.md
  - .claude/skills/ai-skill-development/agents/openai.yaml
  - .claude/skills/ai-skill-development/evals/result-scenarios.json
  - .claude/skills/ai-skill-development/evals/triggers.json
  - .claude/skills/ai-skill-development/references/project-specific-skills.md
  - .claude/skills/ai-skill-development/references/review-checklist.md
  - .claude/skills/ai-skill-development/references/validation.md
  - .claude/skills/ai-subagent-setup
  - .claude/skills/ai-subagent-setup/README.md
  - .claude/skills/ai-subagent-setup/SKILL.md
  - .claude/skills/ai-subagent-setup/agents/openai.yaml
  - .claude/skills/ai-subagent-setup/evals/result-scenarios.json
  - .claude/skills/ai-subagent-setup/evals/triggers.json
  - .claude/skills/ai-subagent-setup/references/operation-policy.md
  - .claude/skills/ai-subagent-setup/references/routing-patterns.md
  - .claude/skills/ai-subagent-setup/scripts/codex-model-subagent
  - .claude/skills/ai-subagent-setup/scripts/codex-usage-report
  - .claude/skills/ai-subagent-setup/scripts/install-codex-tools
  - .claude/skills/ai-work-control
  - .claude/skills/ai-work-control/SKILL.md
  - .claude/skills/ai-work-control/agents/openai.yaml
  - .claude/skills/ai-work-control/evals/result-scenarios.json
  - .claude/skills/ai-work-control/evals/triggers.json
  - .claude/skills/ai-work-control/references/work-control.md
  - .claude/skills/ai-work-result-evaluation
  - .claude/skills/ai-work-result-evaluation/SKILL.md
  - .claude/skills/ai-work-result-evaluation/agents/openai.yaml
  - .claude/skills/ai-work-result-evaluation/assets/work-result-evaluation-case-template.md
  - .claude/skills/ai-work-result-evaluation/evals/result-scenarios.json
  - .claude/skills/ai-work-result-evaluation/evals/triggers.json
  - .claude/skills/ai-work-result-evaluation/references/work-result-evaluation.md
  deployed_file_hashes:
    .agents/skills/ai-agents-md-maintenance/SKILL.md: sha256:222a8c3fe9faa774357431ea146279b3a8eb2869340dffd9ea8f68a14a83b42c
    .agents/skills/ai-agents-md-maintenance/agents/openai.yaml: sha256:05e699217942e098edf51051faa39b53f5291745355773550be548d7f7cb757c
    .agents/skills/ai-agents-md-maintenance/evals/result-scenarios.json: sha256:ca23efee5ebd6ef393ba0b71f56fd3368e77f228c4aeb4dc7791d9fdc3c75a28
    .agents/skills/ai-agents-md-maintenance/evals/triggers.json: sha256:7aaf02d10279520fa5fb67b1f6cf9b8efa11cad91b48fa1d6b73a5e7fc3713cf
    .agents/skills/ai-agents-md-maintenance/references/content-guidelines.md: sha256:c219220898b9a5c3ce32c53e8119bc6e17b07eee01d95c7969f530b96c145a3e
    .agents/skills/ai-agents-md-maintenance/references/maintenance-checklist.md: sha256:43a33946d55893ab99c15b606de3c32233f303164e39f3840c2dc663535cd433
    .agents/skills/ai-apm-setup/SKILL.md: sha256:09c2a5fcf33e28a6883a16aac7fdbfe5ecda5136ed689e2e91eab8d1618d9c0e
    .agents/skills/ai-apm-setup/agents/openai.yaml: sha256:4d3af4f25ce5fd8f4aa6ef58e3f9df7dad8e4d0ff622be1f35574022c7e13ef9
    .agents/skills/ai-apm-setup/evals/result-scenarios.json: sha256:10a4df0e6d30a430306e9fbb64f4076c26610e76fae86ea00dab90dd26410471
    .agents/skills/ai-apm-setup/evals/triggers.json: sha256:ecccb9491077394ad8da599203521cce1c17b281432652206244a9c006b0d9f9
    .agents/skills/ai-apm-setup/references/apm-collection-settings.md: sha256:93f460f5cac00081d21e3fce93c6cc092f33f170590888c9b954d64dd6868134
    .agents/skills/ai-apm-setup/scripts/setup-apm-collection: sha256:4d3d487c8da3f5134b29bbf20bdcdb224b8efcf67724dc40e0ba832f3ac58573
    .agents/skills/ai-application-check/SKILL.md: sha256:214e310b3a8026210f1752cc4c4664a5d520bd03f48a1850eb1919ab82ebdd94
    .agents/skills/ai-application-check/agents/openai.yaml: sha256:f432de5e3a9176160d854545dce6567b6fb42dbeef1bb3386aaa52be9d6b8946
    .agents/skills/ai-application-check/assets/application-check-template.md: sha256:c913d3a682b6d731df38a12810c19637ce0b989cbb2f32053a1200272bbaa1cd
    .agents/skills/ai-application-check/evals/result-scenarios.json: sha256:fdd4585c50d9355dc7f82d177b2bec6bfd6dbb9ef0f2f8c8e897f1a9796e873a
    .agents/skills/ai-application-check/evals/triggers.json: sha256:dbe2013190266852dc0c79f32d4780a1179722bfc07aecdc3463b85f20faf85c
    .agents/skills/ai-application-check/references/application-check.md: sha256:1fcf5449a31b5531c6eab45b9857e0c82ab17f5655f599ab0276cec5782c8c5e
    .agents/skills/ai-audit-agents-md/SKILL.md: sha256:fccf1e0db0e3cde3d707322dfbed1d08d57864c95aef52dd4d3cdea6b89ffdd2
    .agents/skills/ai-audit-agents-md/agents/openai.yaml: sha256:1d11ca26399aee551283b2f47e1242dd1512aa60a543fef825c615f36f25008b
    .agents/skills/ai-audit-agents-md/evals/result-scenarios.json: sha256:2f03d2a985ec0c21052f3163cdb20237e10ac1e994f7af7b58f2d2b0783b46e0
    .agents/skills/ai-audit-agents-md/evals/triggers.json: sha256:be60071dc51d7003519dd0ce039a6359ded89b04308f002f8ae210bc54f12d35
    .agents/skills/ai-audit-agents-md/references/review-checklist.md: sha256:ec142a2aada71884f862727e60e349a2d5ed8b3ea81d37c8f0da086f86e5f216
    .agents/skills/ai-audit-project/README.md: sha256:544cc560eefb29ccccb09dccf1776da2fab69adc879f100e767c9eba3e4f8830
    .agents/skills/ai-audit-project/SKILL.md: sha256:bc7111b72c5298bd002b80b58067cfe074b63e25c664a3c31d61759d57da3d89
    .agents/skills/ai-audit-project/agents/openai.yaml: sha256:62751df088e54d7af03ed9e576d328a3169ccf3b506892923b2da1cecab86066
    .agents/skills/ai-audit-project/evals/result-scenarios.json: sha256:fa03862cebf81ec2518826fdf200c2046a9eca39b0966b5334dd6991efdcddd2
    .agents/skills/ai-audit-project/evals/triggers.json: sha256:79829da755b953430e118e18845581c4c2e14b20e71dd62b56579e19195cfab8
    .agents/skills/ai-audit-project/references/audit-checklist.md: sha256:51b43d3591dea9be637a182af597697f868ad33b666f9a16b0a95e896ffbe3dd
    .agents/skills/ai-data-collection/SKILL.md: sha256:63858afb99a5b7e227dcc8dd24c0911aae5838b4a19decc74df8f6d5dd764a32
    .agents/skills/ai-data-collection/agents/openai.yaml: sha256:7b11bb6d92edc570a5d6e03a2ffa8bcbc2060a67f2cfc6f8ec343eb7c8674f57
    .agents/skills/ai-data-collection/evals/result-scenarios.json: sha256:3f708e031a29516808829645d289c5e7512f252689905c9e3ac188b5d87872ce
    .agents/skills/ai-data-collection/evals/triggers.json: sha256:2da7fad87074a980fc28e5a0c15df7bcf5779843b417f84a6441203303fc2210
    .agents/skills/ai-data-collection/references/data-collection-procedure.md: sha256:43f75dec5266c3820b871f94fb7008c2c4e5f88f0e4332a2730a47009e328f74
    .agents/skills/ai-rule-failure-analysis/SKILL.md: sha256:11753f66d5d4a08807c6338ac25c44aa87cc38a16ebfeed52bac84ac6ce379b9
    .agents/skills/ai-rule-failure-analysis/agents/openai.yaml: sha256:d0dee7cbd260f74c793e1236f87e6e3d64fc03c9682b96d161f3300e6d930755
    .agents/skills/ai-rule-failure-analysis/evals/result-scenarios.json: sha256:a76b6b23c07e715f80efbaf985360b55cb824172de447686aba9eb703bc262fc
    .agents/skills/ai-rule-failure-analysis/evals/triggers.json: sha256:c8b46792bf5d52d1bb190b3519039ac9da85065a066ff2a4a494d6b453eb281c
    .agents/skills/ai-skill-development/SKILL.md: sha256:f9b37febb980f6d2fc6d28fdb9245331bb7f7fd3996c947cd1015f6ba57e2df4
    .agents/skills/ai-skill-development/agents/openai.yaml: sha256:e1085aec66ca6475fc7571045a8fdf0f3c0edc4dfe3046272ab3bf6963586782
    .agents/skills/ai-skill-development/evals/result-scenarios.json: sha256:67e04ce35ccbdbc14e424f3cb4fe3e635832c64487261024108b3a833fd1d9df
    .agents/skills/ai-skill-development/evals/triggers.json: sha256:b16a2143b769fcd5b370e51b6eb12c4af3b4314d94fa9cdb63830a189d8ca2b7
    .agents/skills/ai-skill-development/references/project-specific-skills.md: sha256:a2f58b244cf08d213addabd1fad70626bb296b33341d418912769f5ff0948bf6
    .agents/skills/ai-skill-development/references/review-checklist.md: sha256:a7f6b00c8b6ca2454223934237fa41afed98afef84f0251bff6a992543d381ed
    .agents/skills/ai-skill-development/references/validation.md: sha256:ea78e48c4c522630cae0f36dc11df11b63ccdf3bb825366decc45594a96848ef
    .agents/skills/ai-subagent-setup/README.md: sha256:fb319eda78124f918e8100ad2019d5da41111ebe8463e59f8b2aeda868042936
    .agents/skills/ai-subagent-setup/SKILL.md: sha256:f11f9ce9b76b8160aa0fdba8339e532cb2d4de34bdec5cdfebc3ab789152ca0a
    .agents/skills/ai-subagent-setup/agents/openai.yaml: sha256:78c906886fca85e3fcd3b6e4f0bc7dc6abe510297bff885d71cae2b92340e793
    .agents/skills/ai-subagent-setup/evals/result-scenarios.json: sha256:c4a41d22f651360f13d1137737f4802bc36fb4727030901c878b2216360fd4a7
    .agents/skills/ai-subagent-setup/evals/triggers.json: sha256:5846007a805b0c44196cf4e48be5d3e84830cecdba13bc42b01ea985921857f3
    .agents/skills/ai-subagent-setup/references/operation-policy.md: sha256:d0c27a12c1d1d63813b7a7b3cc1f742aac55c8ce53691d1a4e7e0ba192f946a6
    .agents/skills/ai-subagent-setup/references/routing-patterns.md: sha256:cc7efea71334955ec0f7b14de3e0a6a6c68ff2b6fb82cf8512c19384dd146306
    .agents/skills/ai-subagent-setup/scripts/codex-model-subagent: sha256:db226cbd604014094d7feec561cb06d1002f001aa5bc84600e304350cad683d7
    .agents/skills/ai-subagent-setup/scripts/codex-usage-report: sha256:aafed670a550a3a774a97dabc4f74bbc8efaa37b640b019af0c69bcbd70d5d44
    .agents/skills/ai-subagent-setup/scripts/install-codex-tools: sha256:118fa282f44d36e0b58ba8f10509ae2afa3bb95c150adc6b63f647834813290a
    .agents/skills/ai-work-control/SKILL.md: sha256:7fa9cfc8a8094334b0f22eeffa3afd0047650786b18cd824ab0ebb82305d027e
    .agents/skills/ai-work-control/agents/openai.yaml: sha256:494d6a59772923b2aa8ce6c80ce827ff16225b155e8311b6df007d642085ab90
    .agents/skills/ai-work-control/evals/result-scenarios.json: sha256:b90c6c928a1981801dbae71f0e5368a9b3015f7503998e26274080ed6bc906b1
    .agents/skills/ai-work-control/evals/triggers.json: sha256:1b5ff402c8c547b7218b04f1a37d6b5bdd74767ad948108a42a53badbf76ed01
    .agents/skills/ai-work-control/references/work-control.md: sha256:f66d2db3877fad9b38f68290e80bd53c605bc9085440adc696e0afda0e18f81f
    .agents/skills/ai-work-result-evaluation/SKILL.md: sha256:9b22d0144de85ec2c570f8c989652cf0f9a451705446291cbc11caa075dd7d0b
    .agents/skills/ai-work-result-evaluation/agents/openai.yaml: sha256:8f2f2bdde7bc46631638721e3f266f83b6fc29e4d30f43a25b90e93a681b5bba
    .agents/skills/ai-work-result-evaluation/assets/work-result-evaluation-case-template.md: sha256:0bc87c07ed3942a7c0bb1b40e0916aa25df44b7af3ebd38042b07cec84cd2e39
    .agents/skills/ai-work-result-evaluation/evals/result-scenarios.json: sha256:646b784c0b2593b2915ad58a22f54633cd2da9d1b225013a352fe490a17f4849
    .agents/skills/ai-work-result-evaluation/evals/triggers.json: sha256:53886909d51af15cf1a76ba85a62564e21d6508076552042437437fcd055e654
    .agents/skills/ai-work-result-evaluation/references/work-result-evaluation.md: sha256:66cc42cd7d8108de064cdc958c046ba70e5f4be32925e887606c1da019e5e4a0
    .claude/skills/ai-agents-md-maintenance/SKILL.md: sha256:222a8c3fe9faa774357431ea146279b3a8eb2869340dffd9ea8f68a14a83b42c
    .claude/skills/ai-agents-md-maintenance/agents/openai.yaml: sha256:05e699217942e098edf51051faa39b53f5291745355773550be548d7f7cb757c
    .claude/skills/ai-agents-md-maintenance/evals/result-scenarios.json: sha256:ca23efee5ebd6ef393ba0b71f56fd3368e77f228c4aeb4dc7791d9fdc3c75a28
    .claude/skills/ai-agents-md-maintenance/evals/triggers.json: sha256:7aaf02d10279520fa5fb67b1f6cf9b8efa11cad91b48fa1d6b73a5e7fc3713cf
    .claude/skills/ai-agents-md-maintenance/references/content-guidelines.md: sha256:c219220898b9a5c3ce32c53e8119bc6e17b07eee01d95c7969f530b96c145a3e
    .claude/skills/ai-agents-md-maintenance/references/maintenance-checklist.md: sha256:43a33946d55893ab99c15b606de3c32233f303164e39f3840c2dc663535cd433
    .claude/skills/ai-apm-setup/SKILL.md: sha256:09c2a5fcf33e28a6883a16aac7fdbfe5ecda5136ed689e2e91eab8d1618d9c0e
    .claude/skills/ai-apm-setup/agents/openai.yaml: sha256:4d3af4f25ce5fd8f4aa6ef58e3f9df7dad8e4d0ff622be1f35574022c7e13ef9
    .claude/skills/ai-apm-setup/evals/result-scenarios.json: sha256:10a4df0e6d30a430306e9fbb64f4076c26610e76fae86ea00dab90dd26410471
    .claude/skills/ai-apm-setup/evals/triggers.json: sha256:ecccb9491077394ad8da599203521cce1c17b281432652206244a9c006b0d9f9
    .claude/skills/ai-apm-setup/references/apm-collection-settings.md: sha256:93f460f5cac00081d21e3fce93c6cc092f33f170590888c9b954d64dd6868134
    .claude/skills/ai-apm-setup/scripts/setup-apm-collection: sha256:4d3d487c8da3f5134b29bbf20bdcdb224b8efcf67724dc40e0ba832f3ac58573
    .claude/skills/ai-application-check/SKILL.md: sha256:214e310b3a8026210f1752cc4c4664a5d520bd03f48a1850eb1919ab82ebdd94
    .claude/skills/ai-application-check/agents/openai.yaml: sha256:f432de5e3a9176160d854545dce6567b6fb42dbeef1bb3386aaa52be9d6b8946
    .claude/skills/ai-application-check/assets/application-check-template.md: sha256:c913d3a682b6d731df38a12810c19637ce0b989cbb2f32053a1200272bbaa1cd
    .claude/skills/ai-application-check/evals/result-scenarios.json: sha256:fdd4585c50d9355dc7f82d177b2bec6bfd6dbb9ef0f2f8c8e897f1a9796e873a
    .claude/skills/ai-application-check/evals/triggers.json: sha256:dbe2013190266852dc0c79f32d4780a1179722bfc07aecdc3463b85f20faf85c
    .claude/skills/ai-application-check/references/application-check.md: sha256:1fcf5449a31b5531c6eab45b9857e0c82ab17f5655f599ab0276cec5782c8c5e
    .claude/skills/ai-audit-agents-md/SKILL.md: sha256:fccf1e0db0e3cde3d707322dfbed1d08d57864c95aef52dd4d3cdea6b89ffdd2
    .claude/skills/ai-audit-agents-md/agents/openai.yaml: sha256:1d11ca26399aee551283b2f47e1242dd1512aa60a543fef825c615f36f25008b
    .claude/skills/ai-audit-agents-md/evals/result-scenarios.json: sha256:2f03d2a985ec0c21052f3163cdb20237e10ac1e994f7af7b58f2d2b0783b46e0
    .claude/skills/ai-audit-agents-md/evals/triggers.json: sha256:be60071dc51d7003519dd0ce039a6359ded89b04308f002f8ae210bc54f12d35
    .claude/skills/ai-audit-agents-md/references/review-checklist.md: sha256:ec142a2aada71884f862727e60e349a2d5ed8b3ea81d37c8f0da086f86e5f216
    .claude/skills/ai-audit-project/README.md: sha256:544cc560eefb29ccccb09dccf1776da2fab69adc879f100e767c9eba3e4f8830
    .claude/skills/ai-audit-project/SKILL.md: sha256:bc7111b72c5298bd002b80b58067cfe074b63e25c664a3c31d61759d57da3d89
    .claude/skills/ai-audit-project/agents/openai.yaml: sha256:62751df088e54d7af03ed9e576d328a3169ccf3b506892923b2da1cecab86066
    .claude/skills/ai-audit-project/evals/result-scenarios.json: sha256:fa03862cebf81ec2518826fdf200c2046a9eca39b0966b5334dd6991efdcddd2
    .claude/skills/ai-audit-project/evals/triggers.json: sha256:79829da755b953430e118e18845581c4c2e14b20e71dd62b56579e19195cfab8
    .claude/skills/ai-audit-project/references/audit-checklist.md: sha256:51b43d3591dea9be637a182af597697f868ad33b666f9a16b0a95e896ffbe3dd
    .claude/skills/ai-data-collection/SKILL.md: sha256:63858afb99a5b7e227dcc8dd24c0911aae5838b4a19decc74df8f6d5dd764a32
    .claude/skills/ai-data-collection/agents/openai.yaml: sha256:7b11bb6d92edc570a5d6e03a2ffa8bcbc2060a67f2cfc6f8ec343eb7c8674f57
    .claude/skills/ai-data-collection/evals/result-scenarios.json: sha256:3f708e031a29516808829645d289c5e7512f252689905c9e3ac188b5d87872ce
    .claude/skills/ai-data-collection/evals/triggers.json: sha256:2da7fad87074a980fc28e5a0c15df7bcf5779843b417f84a6441203303fc2210
    .claude/skills/ai-data-collection/references/data-collection-procedure.md: sha256:43f75dec5266c3820b871f94fb7008c2c4e5f88f0e4332a2730a47009e328f74
    .claude/skills/ai-rule-failure-analysis/SKILL.md: sha256:11753f66d5d4a08807c6338ac25c44aa87cc38a16ebfeed52bac84ac6ce379b9
    .claude/skills/ai-rule-failure-analysis/agents/openai.yaml: sha256:d0dee7cbd260f74c793e1236f87e6e3d64fc03c9682b96d161f3300e6d930755
    .claude/skills/ai-rule-failure-analysis/evals/result-scenarios.json: sha256:a76b6b23c07e715f80efbaf985360b55cb824172de447686aba9eb703bc262fc
    .claude/skills/ai-rule-failure-analysis/evals/triggers.json: sha256:c8b46792bf5d52d1bb190b3519039ac9da85065a066ff2a4a494d6b453eb281c
    .claude/skills/ai-skill-development/SKILL.md: sha256:f9b37febb980f6d2fc6d28fdb9245331bb7f7fd3996c947cd1015f6ba57e2df4
    .claude/skills/ai-skill-development/agents/openai.yaml: sha256:e1085aec66ca6475fc7571045a8fdf0f3c0edc4dfe3046272ab3bf6963586782
    .claude/skills/ai-skill-development/evals/result-scenarios.json: sha256:67e04ce35ccbdbc14e424f3cb4fe3e635832c64487261024108b3a833fd1d9df
    .claude/skills/ai-skill-development/evals/triggers.json: sha256:b16a2143b769fcd5b370e51b6eb12c4af3b4314d94fa9cdb63830a189d8ca2b7
    .claude/skills/ai-skill-development/references/project-specific-skills.md: sha256:a2f58b244cf08d213addabd1fad70626bb296b33341d418912769f5ff0948bf6
    .claude/skills/ai-skill-development/references/review-checklist.md: sha256:a7f6b00c8b6ca2454223934237fa41afed98afef84f0251bff6a992543d381ed
    .claude/skills/ai-skill-development/references/validation.md: sha256:ea78e48c4c522630cae0f36dc11df11b63ccdf3bb825366decc45594a96848ef
    .claude/skills/ai-subagent-setup/README.md: sha256:fb319eda78124f918e8100ad2019d5da41111ebe8463e59f8b2aeda868042936
    .claude/skills/ai-subagent-setup/SKILL.md: sha256:f11f9ce9b76b8160aa0fdba8339e532cb2d4de34bdec5cdfebc3ab789152ca0a
    .claude/skills/ai-subagent-setup/agents/openai.yaml: sha256:78c906886fca85e3fcd3b6e4f0bc7dc6abe510297bff885d71cae2b92340e793
    .claude/skills/ai-subagent-setup/evals/result-scenarios.json: sha256:c4a41d22f651360f13d1137737f4802bc36fb4727030901c878b2216360fd4a7
    .claude/skills/ai-subagent-setup/evals/triggers.json: sha256:5846007a805b0c44196cf4e48be5d3e84830cecdba13bc42b01ea985921857f3
    .claude/skills/ai-subagent-setup/references/operation-policy.md: sha256:d0c27a12c1d1d63813b7a7b3cc1f742aac55c8ce53691d1a4e7e0ba192f946a6
    .claude/skills/ai-subagent-setup/references/routing-patterns.md: sha256:cc7efea71334955ec0f7b14de3e0a6a6c68ff2b6fb82cf8512c19384dd146306
    .claude/skills/ai-subagent-setup/scripts/codex-model-subagent: sha256:db226cbd604014094d7feec561cb06d1002f001aa5bc84600e304350cad683d7
    .claude/skills/ai-subagent-setup/scripts/codex-usage-report: sha256:aafed670a550a3a774a97dabc4f74bbc8efaa37b640b019af0c69bcbd70d5d44
    .claude/skills/ai-subagent-setup/scripts/install-codex-tools: sha256:118fa282f44d36e0b58ba8f10509ae2afa3bb95c150adc6b63f647834813290a
    .claude/skills/ai-work-control/SKILL.md: sha256:7fa9cfc8a8094334b0f22eeffa3afd0047650786b18cd824ab0ebb82305d027e
    .claude/skills/ai-work-control/agents/openai.yaml: sha256:494d6a59772923b2aa8ce6c80ce827ff16225b155e8311b6df007d642085ab90
    .claude/skills/ai-work-control/evals/result-scenarios.json: sha256:b90c6c928a1981801dbae71f0e5368a9b3015f7503998e26274080ed6bc906b1
    .claude/skills/ai-work-control/evals/triggers.json: sha256:1b5ff402c8c547b7218b04f1a37d6b5bdd74767ad948108a42a53badbf76ed01
    .claude/skills/ai-work-control/references/work-control.md: sha256:f66d2db3877fad9b38f68290e80bd53c605bc9085440adc696e0afda0e18f81f
    .claude/skills/ai-work-result-evaluation/SKILL.md: sha256:9b22d0144de85ec2c570f8c989652cf0f9a451705446291cbc11caa075dd7d0b
    .claude/skills/ai-work-result-evaluation/agents/openai.yaml: sha256:8f2f2bdde7bc46631638721e3f266f83b6fc29e4d30f43a25b90e93a681b5bba
    .claude/skills/ai-work-result-evaluation/assets/work-result-evaluation-case-template.md: sha256:0bc87c07ed3942a7c0bb1b40e0916aa25df44b7af3ebd38042b07cec84cd2e39
    .claude/skills/ai-work-result-evaluation/evals/result-scenarios.json: sha256:646b784c0b2593b2915ad58a22f54633cd2da9d1b225013a352fe490a17f4849
    .claude/skills/ai-work-result-evaluation/evals/triggers.json: sha256:53886909d51af15cf1a76ba85a62564e21d6508076552042437437fcd055e654
    .claude/skills/ai-work-result-evaluation/references/work-result-evaluation.md: sha256:66cc42cd7d8108de064cdc958c046ba70e5f4be32925e887606c1da019e5e4a0
  content_hash: sha256:254f46f56aabea0eaf136c8b2f2ddaaa6b4260158724e18c958c372fad0d6e3c
  constraint: ^0.3.1
  resolved_tag: 0.3.1
  resolved_at: '2026-06-17T11:30:40+00:00'
- repo_url: mekras/ai-russian-language
  host: github.com
  resolved_commit: 80cabdbf089ca688065f57524a58c84808049652
  resolved_ref: 1.1.1
  version: 1.1.1
  package_type: skill_bundle
  deployed_files:
  - .agents/skills/ru-dev
  - .agents/skills/ru-dev/SKILL.md
  - .agents/skills/ru-dev/agents/openai.yaml
  - .agents/skills/ru-dev/evals/triggers.json
  - .agents/skills/ru-lang
  - .agents/skills/ru-lang/SKILL.md
  - .agents/skills/ru-lang/agents/openai.yaml
  - .agents/skills/ru-lang/assets/core-language.md
  - .agents/skills/ru-lang/assets/forbidden-terms.md
  - .agents/skills/ru-lang/assets/hybrid-examples.md
  - .agents/skills/ru-lang/assets/technical-terms.md
  - .agents/skills/ru-lang/assets/term-replacements.md
  - .agents/skills/ru-lang/assets/undesired-terms.md
  - .agents/skills/ru-lang/evals/compose.jsonl
  - .agents/skills/ru-lang/evals/triggers.json
  - .agents/skills/ru-lang/references/base-language.md
  - .agents/skills/ru-lang/references/technical-russian.md
  - .claude/skills/ru-dev
  - .claude/skills/ru-dev/SKILL.md
  - .claude/skills/ru-dev/agents/openai.yaml
  - .claude/skills/ru-dev/evals/triggers.json
  - .claude/skills/ru-lang
  - .claude/skills/ru-lang/SKILL.md
  - .claude/skills/ru-lang/agents/openai.yaml
  - .claude/skills/ru-lang/assets/core-language.md
  - .claude/skills/ru-lang/assets/forbidden-terms.md
  - .claude/skills/ru-lang/assets/hybrid-examples.md
  - .claude/skills/ru-lang/assets/technical-terms.md
  - .claude/skills/ru-lang/assets/term-replacements.md
  - .claude/skills/ru-lang/assets/undesired-terms.md
  - .claude/skills/ru-lang/evals/compose.jsonl
  - .claude/skills/ru-lang/evals/triggers.json
  - .claude/skills/ru-lang/references/base-language.md
  - .claude/skills/ru-lang/references/technical-russian.md
  deployed_file_hashes:
    .agents/skills/ru-dev/SKILL.md: sha256:ab382e338ec326b245c89466cf5f2ad084787716fbe45331a4944a5fd296d1da
    .agents/skills/ru-dev/agents/openai.yaml: sha256:8a14837f22cf49b2b8f3e2899982317e72aa601d79e4df660e76e03ca322a2fc
    .agents/skills/ru-dev/evals/triggers.json: sha256:af1da18e339949994dc50f6f35c1e0dae37d3e5e57f185c32500ab3068eaca64
    .agents/skills/ru-lang/SKILL.md: sha256:c5102949dbfa2cae8ced63f8c2cdcf2294faf186e77400b682349eb69a38098d
    .agents/skills/ru-lang/agents/openai.yaml: sha256:ac5e8b95e6e7163efebe41ce5e9fb7960d7e8281f0f286b19753e6270630aa69
    .agents/skills/ru-lang/assets/core-language.md: sha256:c7191bb40da4b8ecfc4cc80263a393b9e7224aad8833a5b342c4f33fa6e2aea2
    .agents/skills/ru-lang/assets/forbidden-terms.md: sha256:0e323d8ba95c4f1641b5cabb68aabdda8fb587cf7bce9f09affef0dbf2b10344
    .agents/skills/ru-lang/assets/hybrid-examples.md: sha256:5a04f269ac515f34e4218c007ed446994fd35259188450a3b7b07b10c5820422
    .agents/skills/ru-lang/assets/technical-terms.md: sha256:25344477da4985f57ae92e1aac70cd31dd00e6d023eda9e9995e4187ea9d2a75
    .agents/skills/ru-lang/assets/term-replacements.md: sha256:451d9aea0c749ee07bdbc2e89d79d5151f4ad57daa9175e4dce75c9287181680
    .agents/skills/ru-lang/assets/undesired-terms.md: sha256:43bf257ca60550555ee8f9023f0b95b8bcaf8e382c5ed5e414d0edc609b4608a
    .agents/skills/ru-lang/evals/compose.jsonl: sha256:c9e94eeb4eae37f5f881441cabb27904b366a9903cf8a29dd99a0986ce310fd3
    .agents/skills/ru-lang/evals/triggers.json: sha256:ad1e82355331449d7a4673593cecbbf90aaa3b260afaf70617c7da8d37619042
    .agents/skills/ru-lang/references/base-language.md: sha256:ed9490fd710219943bda7914a4043be3277b74128efd5326012fd0c98c3cf138
    .agents/skills/ru-lang/references/technical-russian.md: sha256:fa83c43e7e58e0666ceba43782e257c9b2957a442956e9250dfd0ec086b2fd30
    .claude/skills/ru-dev/SKILL.md: sha256:ab382e338ec326b245c89466cf5f2ad084787716fbe45331a4944a5fd296d1da
    .claude/skills/ru-dev/agents/openai.yaml: sha256:8a14837f22cf49b2b8f3e2899982317e72aa601d79e4df660e76e03ca322a2fc
    .claude/skills/ru-dev/evals/triggers.json: sha256:af1da18e339949994dc50f6f35c1e0dae37d3e5e57f185c32500ab3068eaca64
    .claude/skills/ru-lang/SKILL.md: sha256:c5102949dbfa2cae8ced63f8c2cdcf2294faf186e77400b682349eb69a38098d
    .claude/skills/ru-lang/agents/openai.yaml: sha256:ac5e8b95e6e7163efebe41ce5e9fb7960d7e8281f0f286b19753e6270630aa69
    .claude/skills/ru-lang/assets/core-language.md: sha256:c7191bb40da4b8ecfc4cc80263a393b9e7224aad8833a5b342c4f33fa6e2aea2
    .claude/skills/ru-lang/assets/forbidden-terms.md: sha256:0e323d8ba95c4f1641b5cabb68aabdda8fb587cf7bce9f09affef0dbf2b10344
    .claude/skills/ru-lang/assets/hybrid-examples.md: sha256:5a04f269ac515f34e4218c007ed446994fd35259188450a3b7b07b10c5820422
    .claude/skills/ru-lang/assets/technical-terms.md: sha256:25344477da4985f57ae92e1aac70cd31dd00e6d023eda9e9995e4187ea9d2a75
    .claude/skills/ru-lang/assets/term-replacements.md: sha256:451d9aea0c749ee07bdbc2e89d79d5151f4ad57daa9175e4dce75c9287181680
    .claude/skills/ru-lang/assets/undesired-terms.md: sha256:43bf257ca60550555ee8f9023f0b95b8bcaf8e382c5ed5e414d0edc609b4608a
    .claude/skills/ru-lang/evals/compose.jsonl: sha256:c9e94eeb4eae37f5f881441cabb27904b366a9903cf8a29dd99a0986ce310fd3
    .claude/skills/ru-lang/evals/triggers.json: sha256:ad1e82355331449d7a4673593cecbbf90aaa3b260afaf70617c7da8d37619042
    .claude/skills/ru-lang/references/base-language.md: sha256:ed9490fd710219943bda7914a4043be3277b74128efd5326012fd0c98c3cf138
    .claude/skills/ru-lang/references/technical-russian.md: sha256:fa83c43e7e58e0666ceba43782e257c9b2957a442956e9250dfd0ec086b2fd30
  content_hash: sha256:f0fc5bb9a27cfe682d58b612c8cdea3b7dc901f71c112e144b700e0d61b013d9
  constraint: ^1.1.1
  resolved_tag: 1.1.1
  resolved_at: '2026-06-17T11:30:40+00:00'
- repo_url: talkstream/ru-text
  host: github.com
  resolved_commit: ffacdb942ca15d4cb33f27a6a7512e70e3c1dcf4
  resolved_ref: ^1.8.0
  package_type: marketplace_plugin
  deployed_files:
  - .agents/skills/ru-text
  - .agents/skills/ru-text/SKILL.md
  - .agents/skills/ru-text/agents/gemini.yaml
  - .agents/skills/ru-text/agents/openai.yaml
  - .agents/skills/ru-text/references/addenda.md
  - .agents/skills/ru-text/references/anti-patterns.md
  - .agents/skills/ru-text/references/business-writing.md
  - .agents/skills/ru-text/references/editorial-grammar.md
  - .agents/skills/ru-text/references/editorial-punctuation.md
  - .agents/skills/ru-text/references/info-style.md
  - .agents/skills/ru-text/references/scoring.md
  - .agents/skills/ru-text/references/sources.md
  - .agents/skills/ru-text/references/typography.md
  - .agents/skills/ru-text/references/ux-writing.md
  - .claude/commands/ru-check.md
  - .claude/commands/ru-score.md
  - .claude/skills/ru-text
  - .claude/skills/ru-text/SKILL.md
  - .claude/skills/ru-text/agents/gemini.yaml
  - .claude/skills/ru-text/agents/openai.yaml
  - .claude/skills/ru-text/references/addenda.md
  - .claude/skills/ru-text/references/anti-patterns.md
  - .claude/skills/ru-text/references/business-writing.md
  - .claude/skills/ru-text/references/editorial-grammar.md
  - .claude/skills/ru-text/references/editorial-punctuation.md
  - .claude/skills/ru-text/references/info-style.md
  - .claude/skills/ru-text/references/scoring.md
  - .claude/skills/ru-text/references/sources.md
  - .claude/skills/ru-text/references/typography.md
  - .claude/skills/ru-text/references/ux-writing.md
  deployed_file_hashes:
    .agents/skills/ru-text/SKILL.md: sha256:5c7668df95bae18b6c9564ebc585cb3e548cf7d3e53657a8a3dacab9957c3bd1
    .agents/skills/ru-text/agents/gemini.yaml: sha256:8ad0bb037ef842431ba01adab0642a2211d8775eeb34465bc1d60534e481f978
    .agents/skills/ru-text/agents/openai.yaml: sha256:4337e973231e6ab7337fdd86def0c7617b3346e01de74b7938c1613fe5d927a6
    .agents/skills/ru-text/references/addenda.md: sha256:0876a6f8da9c9f3fd2e3b4caca8d79783001f27cc22dab752f9669c9fa95aef7
    .agents/skills/ru-text/references/anti-patterns.md: sha256:54596a7f4940b2834e341ccc08d6d6dbe30f6233cc072ea86b00dc36b46defc8
    .agents/skills/ru-text/references/business-writing.md: sha256:689895e01768e129b38ffebf0dff14f577c32b677040d361d301a561fc97b2ae
    .agents/skills/ru-text/references/editorial-grammar.md: sha256:d857ea5ba7bedeba36fe7b788b1f56804b47a76568bef73c886e6e4ec3ec04c7
    .agents/skills/ru-text/references/editorial-punctuation.md: sha256:58880ac5679b125f7b41cabe2346821f098c6cb6258b6c712aa1cd8219f7dfc8
    .agents/skills/ru-text/references/info-style.md: sha256:ed6245ebe84db3cb57d3b4ddf1fae5646dae13003fdb2d084c0bb9886390d4d2
    .agents/skills/ru-text/references/scoring.md: sha256:4f6ee4d671e3af73679d28680e983e41f8d5f1301b12cfecce5528bc3ee8bc64
    .agents/skills/ru-text/references/sources.md: sha256:008e6bb32e64877b91d06eeb81e3e369004a29d03627550439215165d795045b
    .agents/skills/ru-text/references/typography.md: sha256:aca2f9bfa0c829778dcfcc0d6597636eead05f7c51f3d2001215e9cad700835f
    .agents/skills/ru-text/references/ux-writing.md: sha256:5642f3880cf21d0812907c4e05fd93b67e28411e0ebfd724bf546e832a8010a7
    .claude/commands/ru-check.md: sha256:2501328c161567d52c0a102063214b252541be0daaa5505e9c3a4a97874723e5
    .claude/commands/ru-score.md: sha256:6924fcbe3cbbf1cf529c0d10580fdecde123f91aa4679ee6c7026a9c29dbca8e
    .claude/skills/ru-text/SKILL.md: sha256:5c7668df95bae18b6c9564ebc585cb3e548cf7d3e53657a8a3dacab9957c3bd1
    .claude/skills/ru-text/agents/gemini.yaml: sha256:8ad0bb037ef842431ba01adab0642a2211d8775eeb34465bc1d60534e481f978
    .claude/skills/ru-text/agents/openai.yaml: sha256:4337e973231e6ab7337fdd86def0c7617b3346e01de74b7938c1613fe5d927a6
    .claude/skills/ru-text/references/addenda.md: sha256:0876a6f8da9c9f3fd2e3b4caca8d79783001f27cc22dab752f9669c9fa95aef7
    .claude/skills/ru-text/references/anti-patterns.md: sha256:54596a7f4940b2834e341ccc08d6d6dbe30f6233cc072ea86b00dc36b46defc8
    .claude/skills/ru-text/references/business-writing.md: sha256:689895e01768e129b38ffebf0dff14f577c32b677040d361d301a561fc97b2ae
    .claude/skills/ru-text/references/editorial-grammar.md: sha256:d857ea5ba7bedeba36fe7b788b1f56804b47a76568bef73c886e6e4ec3ec04c7
    .claude/skills/ru-text/references/editorial-punctuation.md: sha256:58880ac5679b125f7b41cabe2346821f098c6cb6258b6c712aa1cd8219f7dfc8
    .claude/skills/ru-text/references/info-style.md: sha256:ed6245ebe84db3cb57d3b4ddf1fae5646dae13003fdb2d084c0bb9886390d4d2
    .claude/skills/ru-text/references/scoring.md: sha256:4f6ee4d671e3af73679d28680e983e41f8d5f1301b12cfecce5528bc3ee8bc64
    .claude/skills/ru-text/references/sources.md: sha256:008e6bb32e64877b91d06eeb81e3e369004a29d03627550439215165d795045b
    .claude/skills/ru-text/references/typography.md: sha256:aca2f9bfa0c829778dcfcc0d6597636eead05f7c51f3d2001215e9cad700835f
    .claude/skills/ru-text/references/ux-writing.md: sha256:5642f3880cf21d0812907c4e05fd93b67e28411e0ebfd724bf546e832a8010a7
  content_hash: sha256:bc546b39af2f18917c3ddad49191700687fbb0fd6c4f6c4a968be8168d361f53
