lockfile_version: '2'
generated_at: '2026-06-16T18:35:02.626770+00:00'
apm_version: 0.19.0
dependencies:
- repo_url: mekras/ai-agent-supervisor
  host: github.com
  resolved_commit: 8fd3a67c48dcc5a6703daa4f5ba2f840df993d48
  resolved_ref: 0.2.0
  version: 0.2.0
  package_type: skill_bundle
  deployed_files:
  - .agents/skills/ai-agents-md-maintenance
  - .agents/skills/ai-agents-md-maintenance/SKILL.md
  - .agents/skills/ai-agents-md-maintenance/agents/openai.yaml
  - .agents/skills/ai-agents-md-maintenance/evals/result-scenarios.json
  - .agents/skills/ai-agents-md-maintenance/evals/triggers.json
  - .agents/skills/ai-agents-md-maintenance/references/content-guidelines.md
  - .agents/skills/ai-agents-md-maintenance/references/maintenance-checklist.md
  - .agents/skills/ai-application-check
  - .agents/skills/ai-application-check/SKILL.md
  - .agents/skills/ai-application-check/agents/openai.yaml
  - .agents/skills/ai-application-check/assets/application-check-template.md
  - .agents/skills/ai-application-check/evals/result-scenarios.json
  - .agents/skills/ai-application-check/evals/triggers.json
  - .agents/skills/ai-application-check/references/application-check.md
  - .agents/skills/ai-audit-agents-md
  - .agents/skills/ai-audit-agents-md/SKILL.md
  - .agents/skills/ai-audit-agents-md/agents/openai.yaml
  - .agents/skills/ai-audit-agents-md/evals/result-scenarios.json
  - .agents/skills/ai-audit-agents-md/evals/triggers.json
  - .agents/skills/ai-audit-agents-md/references/review-checklist.md
  - .agents/skills/ai-audit-project
  - .agents/skills/ai-audit-project/README.md
  - .agents/skills/ai-audit-project/SKILL.md
  - .agents/skills/ai-audit-project/agents/openai.yaml
  - .agents/skills/ai-audit-project/evals/result-scenarios.json
  - .agents/skills/ai-audit-project/evals/triggers.json
  - .agents/skills/ai-audit-project/references/audit-checklist.md
  - .agents/skills/ai-data-collection
  - .agents/skills/ai-data-collection/SKILL.md
  - .agents/skills/ai-data-collection/agents/openai.yaml
  - .agents/skills/ai-data-collection/evals/result-scenarios.json
  - .agents/skills/ai-data-collection/evals/triggers.json
  - .agents/skills/ai-data-collection/references/data-collection-procedure.md
  - .agents/skills/ai-rule-failure-analysis
  - .agents/skills/ai-rule-failure-analysis/SKILL.md
  - .agents/skills/ai-rule-failure-analysis/agents/openai.yaml
  - .agents/skills/ai-rule-failure-analysis/evals/result-scenarios.json
  - .agents/skills/ai-rule-failure-analysis/evals/triggers.json
  - .agents/skills/ai-skill-development
  - .agents/skills/ai-skill-development/SKILL.md
  - .agents/skills/ai-skill-development/agents/openai.yaml
  - .agents/skills/ai-skill-development/evals/result-scenarios.json
  - .agents/skills/ai-skill-development/evals/triggers.json
  - .agents/skills/ai-skill-development/references/project-specific-skills.md
  - .agents/skills/ai-skill-development/references/review-checklist.md
  - .agents/skills/ai-skill-development/references/validation.md
  - .agents/skills/ai-subagent-setup
  - .agents/skills/ai-subagent-setup/README.md
  - .agents/skills/ai-subagent-setup/SKILL.md
  - .agents/skills/ai-subagent-setup/agents/openai.yaml
  - .agents/skills/ai-subagent-setup/evals/result-scenarios.json
  - .agents/skills/ai-subagent-setup/evals/triggers.json
  - .agents/skills/ai-subagent-setup/references/operation-policy.md
  - .agents/skills/ai-subagent-setup/references/routing-patterns.md
  - .agents/skills/ai-subagent-setup/scripts/codex-model-subagent
  - .agents/skills/ai-subagent-setup/scripts/codex-usage-report
  - .agents/skills/ai-subagent-setup/scripts/install-codex-tools
  - .agents/skills/ai-work-control
  - .agents/skills/ai-work-control/SKILL.md
  - .agents/skills/ai-work-control/agents/openai.yaml
  - .agents/skills/ai-work-control/evals/result-scenarios.json
  - .agents/skills/ai-work-control/evals/triggers.json
  - .agents/skills/ai-work-control/references/work-control.md
  - .agents/skills/ai-work-result-evaluation
  - .agents/skills/ai-work-result-evaluation/SKILL.md
  - .agents/skills/ai-work-result-evaluation/agents/openai.yaml
  - .agents/skills/ai-work-result-evaluation/assets/work-result-evaluation-case-template.md
  - .agents/skills/ai-work-result-evaluation/evals/result-scenarios.json
  - .agents/skills/ai-work-result-evaluation/evals/triggers.json
  - .agents/skills/ai-work-result-evaluation/references/work-result-evaluation.md
  - .claude/skills/ai-agents-md-maintenance
  - .claude/skills/ai-agents-md-maintenance/SKILL.md
  - .claude/skills/ai-agents-md-maintenance/agents/openai.yaml
  - .claude/skills/ai-agents-md-maintenance/evals/result-scenarios.json
  - .claude/skills/ai-agents-md-maintenance/evals/triggers.json
  - .claude/skills/ai-agents-md-maintenance/references/content-guidelines.md
  - .claude/skills/ai-agents-md-maintenance/references/maintenance-checklist.md
  - .claude/skills/ai-application-check
  - .claude/skills/ai-application-check/SKILL.md
  - .claude/skills/ai-application-check/agents/openai.yaml
  - .claude/skills/ai-application-check/assets/application-check-template.md
  - .claude/skills/ai-application-check/evals/result-scenarios.json
  - .claude/skills/ai-application-check/evals/triggers.json
  - .claude/skills/ai-application-check/references/application-check.md
  - .claude/skills/ai-audit-agents-md
  - .claude/skills/ai-audit-agents-md/SKILL.md
  - .claude/skills/ai-audit-agents-md/agents/openai.yaml
  - .claude/skills/ai-audit-agents-md/evals/result-scenarios.json
  - .claude/skills/ai-audit-agents-md/evals/triggers.json
  - .claude/skills/ai-audit-agents-md/references/review-checklist.md
  - .claude/skills/ai-audit-project
  - .claude/skills/ai-audit-project/README.md
  - .claude/skills/ai-audit-project/SKILL.md
  - .claude/skills/ai-audit-project/agents/openai.yaml
  - .claude/skills/ai-audit-project/evals/result-scenarios.json
  - .claude/skills/ai-audit-project/evals/triggers.json
  - .claude/skills/ai-audit-project/references/audit-checklist.md
  - .claude/skills/ai-data-collection
  - .claude/skills/ai-data-collection/SKILL.md
  - .claude/skills/ai-data-collection/agents/openai.yaml
  - .claude/skills/ai-data-collection/evals/result-scenarios.json
  - .claude/skills/ai-data-collection/evals/triggers.json
  - .claude/skills/ai-data-collection/references/data-collection-procedure.md
  - .claude/skills/ai-rule-failure-analysis
  - .claude/skills/ai-rule-failure-analysis/SKILL.md
  - .claude/skills/ai-rule-failure-analysis/agents/openai.yaml
  - .claude/skills/ai-rule-failure-analysis/evals/result-scenarios.json
  - .claude/skills/ai-rule-failure-analysis/evals/triggers.json
  - .claude/skills/ai-skill-development
  - .claude/skills/ai-skill-development/SKILL.md
  - .claude/skills/ai-skill-development/agents/openai.yaml
  - .claude/skills/ai-skill-development/evals/result-scenarios.json
  - .claude/skills/ai-skill-development/evals/triggers.json
  - .claude/skills/ai-skill-development/references/project-specific-skills.md
  - .claude/skills/ai-skill-development/references/review-checklist.md
  - .claude/skills/ai-skill-development/references/validation.md
  - .claude/skills/ai-subagent-setup
  - .claude/skills/ai-subagent-setup/README.md
  - .claude/skills/ai-subagent-setup/SKILL.md
  - .claude/skills/ai-subagent-setup/agents/openai.yaml
  - .claude/skills/ai-subagent-setup/evals/result-scenarios.json
  - .claude/skills/ai-subagent-setup/evals/triggers.json
  - .claude/skills/ai-subagent-setup/references/operation-policy.md
  - .claude/skills/ai-subagent-setup/references/routing-patterns.md
  - .claude/skills/ai-subagent-setup/scripts/codex-model-subagent
  - .claude/skills/ai-subagent-setup/scripts/codex-usage-report
  - .claude/skills/ai-subagent-setup/scripts/install-codex-tools
  - .claude/skills/ai-work-control
  - .claude/skills/ai-work-control/SKILL.md
  - .claude/skills/ai-work-control/agents/openai.yaml
  - .claude/skills/ai-work-control/evals/result-scenarios.json
  - .claude/skills/ai-work-control/evals/triggers.json
  - .claude/skills/ai-work-control/references/work-control.md
  - .claude/skills/ai-work-result-evaluation
  - .claude/skills/ai-work-result-evaluation/SKILL.md
  - .claude/skills/ai-work-result-evaluation/agents/openai.yaml
  - .claude/skills/ai-work-result-evaluation/assets/work-result-evaluation-case-template.md
  - .claude/skills/ai-work-result-evaluation/evals/result-scenarios.json
  - .claude/skills/ai-work-result-evaluation/evals/triggers.json
  - .claude/skills/ai-work-result-evaluation/references/work-result-evaluation.md
  deployed_file_hashes:
    .agents/skills/ai-agents-md-maintenance/SKILL.md: sha256:a965cf1bd797228f6baa3b5c87231cdf01d871d0b15e5ed2bfcfaa89ee690479
    .agents/skills/ai-agents-md-maintenance/agents/openai.yaml: sha256:05e699217942e098edf51051faa39b53f5291745355773550be548d7f7cb757c
    .agents/skills/ai-agents-md-maintenance/evals/result-scenarios.json: sha256:f1d492985e08b4d412e5fbab29d843445cadd3074887b3eaa5a5339ee5032ec6
    .agents/skills/ai-agents-md-maintenance/evals/triggers.json: sha256:7aaf02d10279520fa5fb67b1f6cf9b8efa11cad91b48fa1d6b73a5e7fc3713cf
    .agents/skills/ai-agents-md-maintenance/references/content-guidelines.md: sha256:c219220898b9a5c3ce32c53e8119bc6e17b07eee01d95c7969f530b96c145a3e
    .agents/skills/ai-agents-md-maintenance/references/maintenance-checklist.md: sha256:9a0e292069bd98f21ff2985ff9a63eb1f74e2516530c4c0b5f9c86f156320430
    .agents/skills/ai-application-check/SKILL.md: sha256:c3b9740e65aa3cbacd37c6f44f95ad720b966ab325449b3ce7a1046169c2f9d5
    .agents/skills/ai-application-check/agents/openai.yaml: sha256:f432de5e3a9176160d854545dce6567b6fb42dbeef1bb3386aaa52be9d6b8946
    .agents/skills/ai-application-check/assets/application-check-template.md: sha256:c913d3a682b6d731df38a12810c19637ce0b989cbb2f32053a1200272bbaa1cd
    .agents/skills/ai-application-check/evals/result-scenarios.json: sha256:fdd4585c50d9355dc7f82d177b2bec6bfd6dbb9ef0f2f8c8e897f1a9796e873a
    .agents/skills/ai-application-check/evals/triggers.json: sha256:dbe2013190266852dc0c79f32d4780a1179722bfc07aecdc3463b85f20faf85c
    .agents/skills/ai-application-check/references/application-check.md: sha256:1fcf5449a31b5531c6eab45b9857e0c82ab17f5655f599ab0276cec5782c8c5e
    .agents/skills/ai-audit-agents-md/SKILL.md: sha256:65d111fb4c06059cdbdb9c854d3a7b57168d009179ae00981fffcd37aee5a665
    .agents/skills/ai-audit-agents-md/agents/openai.yaml: sha256:1d11ca26399aee551283b2f47e1242dd1512aa60a543fef825c615f36f25008b
    .agents/skills/ai-audit-agents-md/evals/result-scenarios.json: sha256:5b74b5dcbd8002c66b2d175f6ef060bda14e77151b4693833b86f93e4342e523
    .agents/skills/ai-audit-agents-md/evals/triggers.json: sha256:be60071dc51d7003519dd0ce039a6359ded89b04308f002f8ae210bc54f12d35
    .agents/skills/ai-audit-agents-md/references/review-checklist.md: sha256:86874a6c036e8f89ee69837266e2e8d225232551ae3b2b0f0e3c686bdd1d1eb2
    .agents/skills/ai-audit-project/README.md: sha256:544cc560eefb29ccccb09dccf1776da2fab69adc879f100e767c9eba3e4f8830
    .agents/skills/ai-audit-project/SKILL.md: sha256:46f8589cf4c15bf7d9dd18947aa0d59e1514dc9ba3a7d4be95efa3716ef6f3f5
    .agents/skills/ai-audit-project/agents/openai.yaml: sha256:62751df088e54d7af03ed9e576d328a3169ccf3b506892923b2da1cecab86066
    .agents/skills/ai-audit-project/evals/result-scenarios.json: sha256:69fc61184bb3a704e1c67b7cde8cb5540b9ca392e02106eb711cc7a0c70a0a5b
    .agents/skills/ai-audit-project/evals/triggers.json: sha256:b71011ceafa4f29d3c596fa8f31ad62b006d1a297b083fde218ece875372d03c
    .agents/skills/ai-audit-project/references/audit-checklist.md: sha256:51b43d3591dea9be637a182af597697f868ad33b666f9a16b0a95e896ffbe3dd
    .agents/skills/ai-data-collection/SKILL.md: sha256:d14811dd63ba5093a456f565c57c31de1e0e490719205089240536f9e9a30db3
    .agents/skills/ai-data-collection/agents/openai.yaml: sha256:a22e5a0082ac261b8aa95a059fb3c306edd05e19364053ae2e77b3f683657077
    .agents/skills/ai-data-collection/evals/result-scenarios.json: sha256:3f708e031a29516808829645d289c5e7512f252689905c9e3ac188b5d87872ce
    .agents/skills/ai-data-collection/evals/triggers.json: sha256:2da7fad87074a980fc28e5a0c15df7bcf5779843b417f84a6441203303fc2210
    .agents/skills/ai-data-collection/references/data-collection-procedure.md: sha256:43f75dec5266c3820b871f94fb7008c2c4e5f88f0e4332a2730a47009e328f74
    .agents/skills/ai-rule-failure-analysis/SKILL.md: sha256:3e489f3f020ad529a14cd0cbe06f499fadcbffcd1f6bfe92d846fb5b4d935552
    .agents/skills/ai-rule-failure-analysis/agents/openai.yaml: sha256:d0dee7cbd260f74c793e1236f87e6e3d64fc03c9682b96d161f3300e6d930755
    .agents/skills/ai-rule-failure-analysis/evals/result-scenarios.json: sha256:96ca1591baaa18c4ab7c7457fa5faa7f8886810ddee28b8d8def854234913aa7
    .agents/skills/ai-rule-failure-analysis/evals/triggers.json: sha256:c8b46792bf5d52d1bb190b3519039ac9da85065a066ff2a4a494d6b453eb281c
    .agents/skills/ai-skill-development/SKILL.md: sha256:fc7e2fd3d68e7974c2619011856b6dc88705e50410f9d818f5948767327ae705
    .agents/skills/ai-skill-development/agents/openai.yaml: sha256:16f76ec1b6c8170a90e5d5119ab4369f48d8ba66cc40b63dbcbb9d66f650c643
    .agents/skills/ai-skill-development/evals/result-scenarios.json: sha256:b833f5ee2ba74aef713c2428514d63df72e4cbab7dbc0be909d3f76e62f5f951
    .agents/skills/ai-skill-development/evals/triggers.json: sha256:b16a2143b769fcd5b370e51b6eb12c4af3b4314d94fa9cdb63830a189d8ca2b7
    .agents/skills/ai-skill-development/references/project-specific-skills.md: sha256:a2f58b244cf08d213addabd1fad70626bb296b33341d418912769f5ff0948bf6
    .agents/skills/ai-skill-development/references/review-checklist.md: sha256:a7f6b00c8b6ca2454223934237fa41afed98afef84f0251bff6a992543d381ed
    .agents/skills/ai-skill-development/references/validation.md: sha256:ea78e48c4c522630cae0f36dc11df11b63ccdf3bb825366decc45594a96848ef
    .agents/skills/ai-subagent-setup/README.md: sha256:fb319eda78124f918e8100ad2019d5da41111ebe8463e59f8b2aeda868042936
    .agents/skills/ai-subagent-setup/SKILL.md: sha256:a3504193c55f85a4db497688ffa5a1e0e4d8f2701b2fe990c8c13b10c184e7ab
    .agents/skills/ai-subagent-setup/agents/openai.yaml: sha256:78c906886fca85e3fcd3b6e4f0bc7dc6abe510297bff885d71cae2b92340e793
    .agents/skills/ai-subagent-setup/evals/result-scenarios.json: sha256:15c9c36bee08d01e6bf4b36b9bf091dbc93be9153740ff221bab2b1e8c2594a6
    .agents/skills/ai-subagent-setup/evals/triggers.json: sha256:1ee6f0e6f84f18f3ed8e73f435ba6d45d3ab1f097d69746fe731c143710ea8ea
    .agents/skills/ai-subagent-setup/references/operation-policy.md: sha256:a879e71b117fde24cdd0ce4ae99d7bf7f49903ea65e527efe9914bd12f61ab45
    .agents/skills/ai-subagent-setup/references/routing-patterns.md: sha256:cac8bda409a82f2c17eb6ffe924c1ec5d00c4b44389a7e4be984072108a77c61
    .agents/skills/ai-subagent-setup/scripts/codex-model-subagent: sha256:db226cbd604014094d7feec561cb06d1002f001aa5bc84600e304350cad683d7
    .agents/skills/ai-subagent-setup/scripts/codex-usage-report: sha256:aafed670a550a3a774a97dabc4f74bbc8efaa37b640b019af0c69bcbd70d5d44
    .agents/skills/ai-subagent-setup/scripts/install-codex-tools: sha256:118fa282f44d36e0b58ba8f10509ae2afa3bb95c150adc6b63f647834813290a
    .agents/skills/ai-work-control/SKILL.md: sha256:7fa9cfc8a8094334b0f22eeffa3afd0047650786b18cd824ab0ebb82305d027e
    .agents/skills/ai-work-control/agents/openai.yaml: sha256:494d6a59772923b2aa8ce6c80ce827ff16225b155e8311b6df007d642085ab90
    .agents/skills/ai-work-control/evals/result-scenarios.json: sha256:b90c6c928a1981801dbae71f0e5368a9b3015f7503998e26274080ed6bc906b1
    .agents/skills/ai-work-control/evals/triggers.json: sha256:1b5ff402c8c547b7218b04f1a37d6b5bdd74767ad948108a42a53badbf76ed01
    .agents/skills/ai-work-control/references/work-control.md: sha256:f66d2db3877fad9b38f68290e80bd53c605bc9085440adc696e0afda0e18f81f
    .agents/skills/ai-work-result-evaluation/SKILL.md: sha256:9b22d0144de85ec2c570f8c989652cf0f9a451705446291cbc11caa075dd7d0b
    .agents/skills/ai-work-result-evaluation/agents/openai.yaml: sha256:8f2f2bdde7bc46631638721e3f266f83b6fc29e4d30f43a25b90e93a681b5bba
    .agents/skills/ai-work-result-evaluation/assets/work-result-evaluation-case-template.md: sha256:0bc87c07ed3942a7c0bb1b40e0916aa25df44b7af3ebd38042b07cec84cd2e39
    .agents/skills/ai-work-result-evaluation/evals/result-scenarios.json: sha256:646b784c0b2593b2915ad58a22f54633cd2da9d1b225013a352fe490a17f4849
    .agents/skills/ai-work-result-evaluation/evals/triggers.json: sha256:53886909d51af15cf1a76ba85a62564e21d6508076552042437437fcd055e654
    .agents/skills/ai-work-result-evaluation/references/work-result-evaluation.md: sha256:66cc42cd7d8108de064cdc958c046ba70e5f4be32925e887606c1da019e5e4a0
    .claude/skills/ai-agents-md-maintenance/SKILL.md: sha256:a965cf1bd797228f6baa3b5c87231cdf01d871d0b15e5ed2bfcfaa89ee690479
    .claude/skills/ai-agents-md-maintenance/agents/openai.yaml: sha256:05e699217942e098edf51051faa39b53f5291745355773550be548d7f7cb757c
    .claude/skills/ai-agents-md-maintenance/evals/result-scenarios.json: sha256:f1d492985e08b4d412e5fbab29d843445cadd3074887b3eaa5a5339ee5032ec6
    .claude/skills/ai-agents-md-maintenance/evals/triggers.json: sha256:7aaf02d10279520fa5fb67b1f6cf9b8efa11cad91b48fa1d6b73a5e7fc3713cf
    .claude/skills/ai-agents-md-maintenance/references/content-guidelines.md: sha256:c219220898b9a5c3ce32c53e8119bc6e17b07eee01d95c7969f530b96c145a3e
    .claude/skills/ai-agents-md-maintenance/references/maintenance-checklist.md: sha256:9a0e292069bd98f21ff2985ff9a63eb1f74e2516530c4c0b5f9c86f156320430
    .claude/skills/ai-application-check/SKILL.md: sha256:c3b9740e65aa3cbacd37c6f44f95ad720b966ab325449b3ce7a1046169c2f9d5
    .claude/skills/ai-application-check/agents/openai.yaml: sha256:f432de5e3a9176160d854545dce6567b6fb42dbeef1bb3386aaa52be9d6b8946
    .claude/skills/ai-application-check/assets/application-check-template.md: sha256:c913d3a682b6d731df38a12810c19637ce0b989cbb2f32053a1200272bbaa1cd
    .claude/skills/ai-application-check/evals/result-scenarios.json: sha256:fdd4585c50d9355dc7f82d177b2bec6bfd6dbb9ef0f2f8c8e897f1a9796e873a
    .claude/skills/ai-application-check/evals/triggers.json: sha256:dbe2013190266852dc0c79f32d4780a1179722bfc07aecdc3463b85f20faf85c
    .claude/skills/ai-application-check/references/application-check.md: sha256:1fcf5449a31b5531c6eab45b9857e0c82ab17f5655f599ab0276cec5782c8c5e
    .claude/skills/ai-audit-agents-md/SKILL.md: sha256:65d111fb4c06059cdbdb9c854d3a7b57168d009179ae00981fffcd37aee5a665
    .claude/skills/ai-audit-agents-md/agents/openai.yaml: sha256:1d11ca26399aee551283b2f47e1242dd1512aa60a543fef825c615f36f25008b
    .claude/skills/ai-audit-agents-md/evals/result-scenarios.json: sha256:5b74b5dcbd8002c66b2d175f6ef060bda14e77151b4693833b86f93e4342e523
    .claude/skills/ai-audit-agents-md/evals/triggers.json: sha256:be60071dc51d7003519dd0ce039a6359ded89b04308f002f8ae210bc54f12d35
    .claude/skills/ai-audit-agents-md/references/review-checklist.md: sha256:86874a6c036e8f89ee69837266e2e8d225232551ae3b2b0f0e3c686bdd1d1eb2
    .claude/skills/ai-audit-project/README.md: sha256:544cc560eefb29ccccb09dccf1776da2fab69adc879f100e767c9eba3e4f8830
    .claude/skills/ai-audit-project/SKILL.md: sha256:46f8589cf4c15bf7d9dd18947aa0d59e1514dc9ba3a7d4be95efa3716ef6f3f5
    .claude/skills/ai-audit-project/agents/openai.yaml: sha256:62751df088e54d7af03ed9e576d328a3169ccf3b506892923b2da1cecab86066
    .claude/skills/ai-audit-project/evals/result-scenarios.json: sha256:69fc61184bb3a704e1c67b7cde8cb5540b9ca392e02106eb711cc7a0c70a0a5b
    .claude/skills/ai-audit-project/evals/triggers.json: sha256:b71011ceafa4f29d3c596fa8f31ad62b006d1a297b083fde218ece875372d03c
    .claude/skills/ai-audit-project/references/audit-checklist.md: sha256:51b43d3591dea9be637a182af597697f868ad33b666f9a16b0a95e896ffbe3dd
    .claude/skills/ai-data-collection/SKILL.md: sha256:d14811dd63ba5093a456f565c57c31de1e0e490719205089240536f9e9a30db3
    .claude/skills/ai-data-collection/agents/openai.yaml: sha256:a22e5a0082ac261b8aa95a059fb3c306edd05e19364053ae2e77b3f683657077
    .claude/skills/ai-data-collection/evals/result-scenarios.json: sha256:3f708e031a29516808829645d289c5e7512f252689905c9e3ac188b5d87872ce
    .claude/skills/ai-data-collection/evals/triggers.json: sha256:2da7fad87074a980fc28e5a0c15df7bcf5779843b417f84a6441203303fc2210
    .claude/skills/ai-data-collection/references/data-collection-procedure.md: sha256:43f75dec5266c3820b871f94fb7008c2c4e5f88f0e4332a2730a47009e328f74
    .claude/skills/ai-rule-failure-analysis/SKILL.md: sha256:3e489f3f020ad529a14cd0cbe06f499fadcbffcd1f6bfe92d846fb5b4d935552
    .claude/skills/ai-rule-failure-analysis/agents/openai.yaml: sha256:d0dee7cbd260f74c793e1236f87e6e3d64fc03c9682b96d161f3300e6d930755
    .claude/skills/ai-rule-failure-analysis/evals/result-scenarios.json: sha256:96ca1591baaa18c4ab7c7457fa5faa7f8886810ddee28b8d8def854234913aa7
    .claude/skills/ai-rule-failure-analysis/evals/triggers.json: sha256:c8b46792bf5d52d1bb190b3519039ac9da85065a066ff2a4a494d6b453eb281c
    .claude/skills/ai-skill-development/SKILL.md: sha256:fc7e2fd3d68e7974c2619011856b6dc88705e50410f9d818f5948767327ae705
    .claude/skills/ai-skill-development/agents/openai.yaml: sha256:16f76ec1b6c8170a90e5d5119ab4369f48d8ba66cc40b63dbcbb9d66f650c643
    .claude/skills/ai-skill-development/evals/result-scenarios.json: sha256:b833f5ee2ba74aef713c2428514d63df72e4cbab7dbc0be909d3f76e62f5f951
    .claude/skills/ai-skill-development/evals/triggers.json: sha256:b16a2143b769fcd5b370e51b6eb12c4af3b4314d94fa9cdb63830a189d8ca2b7
    .claude/skills/ai-skill-development/references/project-specific-skills.md: sha256:a2f58b244cf08d213addabd1fad70626bb296b33341d418912769f5ff0948bf6
    .claude/skills/ai-skill-development/references/review-checklist.md: sha256:a7f6b00c8b6ca2454223934237fa41afed98afef84f0251bff6a992543d381ed
    .claude/skills/ai-skill-development/references/validation.md: sha256:ea78e48c4c522630cae0f36dc11df11b63ccdf3bb825366decc45594a96848ef
    .claude/skills/ai-subagent-setup/README.md: sha256:fb319eda78124f918e8100ad2019d5da41111ebe8463e59f8b2aeda868042936
    .claude/skills/ai-subagent-setup/SKILL.md: sha256:a3504193c55f85a4db497688ffa5a1e0e4d8f2701b2fe990c8c13b10c184e7ab
    .claude/skills/ai-subagent-setup/agents/openai.yaml: sha256:78c906886fca85e3fcd3b6e4f0bc7dc6abe510297bff885d71cae2b92340e793
    .claude/skills/ai-subagent-setup/evals/result-scenarios.json: sha256:15c9c36bee08d01e6bf4b36b9bf091dbc93be9153740ff221bab2b1e8c2594a6
    .claude/skills/ai-subagent-setup/evals/triggers.json: sha256:1ee6f0e6f84f18f3ed8e73f435ba6d45d3ab1f097d69746fe731c143710ea8ea
    .claude/skills/ai-subagent-setup/references/operation-policy.md: sha256:a879e71b117fde24cdd0ce4ae99d7bf7f49903ea65e527efe9914bd12f61ab45
    .claude/skills/ai-subagent-setup/references/routing-patterns.md: sha256:cac8bda409a82f2c17eb6ffe924c1ec5d00c4b44389a7e4be984072108a77c61
    .claude/skills/ai-subagent-setup/scripts/codex-model-subagent: sha256:db226cbd604014094d7feec561cb06d1002f001aa5bc84600e304350cad683d7
    .claude/skills/ai-subagent-setup/scripts/codex-usage-report: sha256:aafed670a550a3a774a97dabc4f74bbc8efaa37b640b019af0c69bcbd70d5d44
    .claude/skills/ai-subagent-setup/scripts/install-codex-tools: sha256:118fa282f44d36e0b58ba8f10509ae2afa3bb95c150adc6b63f647834813290a
    .claude/skills/ai-work-control/SKILL.md: sha256:7fa9cfc8a8094334b0f22eeffa3afd0047650786b18cd824ab0ebb82305d027e
    .claude/skills/ai-work-control/agents/openai.yaml: sha256:494d6a59772923b2aa8ce6c80ce827ff16225b155e8311b6df007d642085ab90
    .claude/skills/ai-work-control/evals/result-scenarios.json: sha256:b90c6c928a1981801dbae71f0e5368a9b3015f7503998e26274080ed6bc906b1
    .claude/skills/ai-work-control/evals/triggers.json: sha256:1b5ff402c8c547b7218b04f1a37d6b5bdd74767ad948108a42a53badbf76ed01
    .claude/skills/ai-work-control/references/work-control.md: sha256:f66d2db3877fad9b38f68290e80bd53c605bc9085440adc696e0afda0e18f81f
    .claude/skills/ai-work-result-evaluation/SKILL.md: sha256:9b22d0144de85ec2c570f8c989652cf0f9a451705446291cbc11caa075dd7d0b
    .claude/skills/ai-work-result-evaluation/agents/openai.yaml: sha256:8f2f2bdde7bc46631638721e3f266f83b6fc29e4d30f43a25b90e93a681b5bba
    .claude/skills/ai-work-result-evaluation/assets/work-result-evaluation-case-template.md: sha256:0bc87c07ed3942a7c0bb1b40e0916aa25df44b7af3ebd38042b07cec84cd2e39
    .claude/skills/ai-work-result-evaluation/evals/result-scenarios.json: sha256:646b784c0b2593b2915ad58a22f54633cd2da9d1b225013a352fe490a17f4849
    .claude/skills/ai-work-result-evaluation/evals/triggers.json: sha256:53886909d51af15cf1a76ba85a62564e21d6508076552042437437fcd055e654
    .claude/skills/ai-work-result-evaluation/references/work-result-evaluation.md: sha256:66cc42cd7d8108de064cdc958c046ba70e5f4be32925e887606c1da019e5e4a0
  content_hash: sha256:0b5339ce59d6a2db86e2804efefc822846eb27d015484237f7f5df92c78884fe
  constraint: ^0.2.0
  resolved_tag: 0.2.0
  resolved_at: '2026-06-16T18:34:59+00:00'
- repo_url: mekras/ai-russian-language
  host: github.com
  resolved_commit: c3304a80ff6d6f3cda23a3a41aa8b846ce16606c
  resolved_ref: 1.1.0
  version: 1.1.0
  package_type: skill_bundle
  deployed_files:
  - .agents/skills/ru-dev
  - .agents/skills/ru-dev/SKILL.md
  - .agents/skills/ru-dev/agents/openai.yaml
  - .agents/skills/ru-dev/evals/triggers.json
  - .agents/skills/ru-lang
  - .agents/skills/ru-lang/SKILL.md
  - .agents/skills/ru-lang/agents/openai.yaml
  - .agents/skills/ru-lang/assets/core-language.md
  - .agents/skills/ru-lang/assets/forbidden-terms.md
  - .agents/skills/ru-lang/assets/hybrid-examples.md
  - .agents/skills/ru-lang/assets/technical-terms.md
  - .agents/skills/ru-lang/assets/term-replacements.md
  - .agents/skills/ru-lang/assets/undesired-terms.md
  - .agents/skills/ru-lang/evals/compose.jsonl
  - .agents/skills/ru-lang/evals/triggers.json
  - .agents/skills/ru-lang/references/base-language.md
  - .agents/skills/ru-lang/references/technical-russian.md
  - .claude/skills/ru-dev
  - .claude/skills/ru-dev/SKILL.md
  - .claude/skills/ru-dev/agents/openai.yaml
  - .claude/skills/ru-dev/evals/triggers.json
  - .claude/skills/ru-lang
  - .claude/skills/ru-lang/SKILL.md
  - .claude/skills/ru-lang/agents/openai.yaml
  - .claude/skills/ru-lang/assets/core-language.md
  - .claude/skills/ru-lang/assets/forbidden-terms.md
  - .claude/skills/ru-lang/assets/hybrid-examples.md
  - .claude/skills/ru-lang/assets/technical-terms.md
  - .claude/skills/ru-lang/assets/term-replacements.md
  - .claude/skills/ru-lang/assets/undesired-terms.md
  - .claude/skills/ru-lang/evals/compose.jsonl
  - .claude/skills/ru-lang/evals/triggers.json
  - .claude/skills/ru-lang/references/base-language.md
  - .claude/skills/ru-lang/references/technical-russian.md
  deployed_file_hashes:
    .agents/skills/ru-dev/SKILL.md: sha256:52c681e29c28ddd93c828e7953b05298a6004b42deacf285c3f1b7ab3359b131
    .agents/skills/ru-dev/agents/openai.yaml: sha256:8a14837f22cf49b2b8f3e2899982317e72aa601d79e4df660e76e03ca322a2fc
    .agents/skills/ru-dev/evals/triggers.json: sha256:117d4ccd984f12eefd93595c85c54137e8140b0fbc63533a9586844882622b71
    .agents/skills/ru-lang/SKILL.md: sha256:ff0f152b104f09fab068c190f8bcff840aaa52d03412161265caa06b59e848ce
    .agents/skills/ru-lang/agents/openai.yaml: sha256:ac5e8b95e6e7163efebe41ce5e9fb7960d7e8281f0f286b19753e6270630aa69
    .agents/skills/ru-lang/assets/core-language.md: sha256:c7191bb40da4b8ecfc4cc80263a393b9e7224aad8833a5b342c4f33fa6e2aea2
    .agents/skills/ru-lang/assets/forbidden-terms.md: sha256:0e323d8ba95c4f1641b5cabb68aabdda8fb587cf7bce9f09affef0dbf2b10344
    .agents/skills/ru-lang/assets/hybrid-examples.md: sha256:73db977a0263184b83580a29e1d2af89bcb6a04911f0d1a37d068c481f9ba632
    .agents/skills/ru-lang/assets/technical-terms.md: sha256:f84083a1fb1eb60e090fafb6fa9b8800472df6b182c505761ba2cf930e94d7da
    .agents/skills/ru-lang/assets/term-replacements.md: sha256:239de54452defbb13ccd92a2236304623964cef9c6e7adaf846a88455bc61b3d
    .agents/skills/ru-lang/assets/undesired-terms.md: sha256:3f8dafb810a34ff4bb301a7db7e3bf890d596dadf28536294ae80f951cfc98cf
    .agents/skills/ru-lang/evals/compose.jsonl: sha256:4b2d641d8692b39350be0f47eb7e726e49b9ca41314343cca5dc92fcdff71d3c
    .agents/skills/ru-lang/evals/triggers.json: sha256:ad1e82355331449d7a4673593cecbbf90aaa3b260afaf70617c7da8d37619042
    .agents/skills/ru-lang/references/base-language.md: sha256:546766843630fd4d519a48f1dc570ad8edb6222097fdef77b21bb05abed6feee
    .agents/skills/ru-lang/references/technical-russian.md: sha256:a40ee384f938ca3c8d5e6a1331f0a918b40024ba04dee634c91c16c75166c250
    .claude/skills/ru-dev/SKILL.md: sha256:52c681e29c28ddd93c828e7953b05298a6004b42deacf285c3f1b7ab3359b131
    .claude/skills/ru-dev/agents/openai.yaml: sha256:8a14837f22cf49b2b8f3e2899982317e72aa601d79e4df660e76e03ca322a2fc
    .claude/skills/ru-dev/evals/triggers.json: sha256:117d4ccd984f12eefd93595c85c54137e8140b0fbc63533a9586844882622b71
    .claude/skills/ru-lang/SKILL.md: sha256:ff0f152b104f09fab068c190f8bcff840aaa52d03412161265caa06b59e848ce
    .claude/skills/ru-lang/agents/openai.yaml: sha256:ac5e8b95e6e7163efebe41ce5e9fb7960d7e8281f0f286b19753e6270630aa69
    .claude/skills/ru-lang/assets/core-language.md: sha256:c7191bb40da4b8ecfc4cc80263a393b9e7224aad8833a5b342c4f33fa6e2aea2
    .claude/skills/ru-lang/assets/forbidden-terms.md: sha256:0e323d8ba95c4f1641b5cabb68aabdda8fb587cf7bce9f09affef0dbf2b10344
    .claude/skills/ru-lang/assets/hybrid-examples.md: sha256:73db977a0263184b83580a29e1d2af89bcb6a04911f0d1a37d068c481f9ba632
    .claude/skills/ru-lang/assets/technical-terms.md: sha256:f84083a1fb1eb60e090fafb6fa9b8800472df6b182c505761ba2cf930e94d7da
    .claude/skills/ru-lang/assets/term-replacements.md: sha256:239de54452defbb13ccd92a2236304623964cef9c6e7adaf846a88455bc61b3d
    .claude/skills/ru-lang/assets/undesired-terms.md: sha256:3f8dafb810a34ff4bb301a7db7e3bf890d596dadf28536294ae80f951cfc98cf
    .claude/skills/ru-lang/evals/compose.jsonl: sha256:4b2d641d8692b39350be0f47eb7e726e49b9ca41314343cca5dc92fcdff71d3c
    .claude/skills/ru-lang/evals/triggers.json: sha256:ad1e82355331449d7a4673593cecbbf90aaa3b260afaf70617c7da8d37619042
    .claude/skills/ru-lang/references/base-language.md: sha256:546766843630fd4d519a48f1dc570ad8edb6222097fdef77b21bb05abed6feee
    .claude/skills/ru-lang/references/technical-russian.md: sha256:a40ee384f938ca3c8d5e6a1331f0a918b40024ba04dee634c91c16c75166c250
  content_hash: sha256:dff8e0b4afb1daa419197e6a4cd769e6977bc2b1e52e5d9639265e8219528e11
  constraint: ^1.1.0
  resolved_tag: 1.1.0
  resolved_at: '2026-06-16T18:34:59+00:00'
- repo_url: talkstream/ru-text
  host: github.com
  resolved_commit: ffacdb942ca15d4cb33f27a6a7512e70e3c1dcf4
  resolved_ref: ^1.8.0
  package_type: marketplace_plugin
  deployed_files:
  - .agents/skills/ru-text
  - .agents/skills/ru-text/SKILL.md
  - .agents/skills/ru-text/agents/gemini.yaml
  - .agents/skills/ru-text/agents/openai.yaml
  - .agents/skills/ru-text/references/addenda.md
  - .agents/skills/ru-text/references/anti-patterns.md
  - .agents/skills/ru-text/references/business-writing.md
  - .agents/skills/ru-text/references/editorial-grammar.md
  - .agents/skills/ru-text/references/editorial-punctuation.md
  - .agents/skills/ru-text/references/info-style.md
  - .agents/skills/ru-text/references/scoring.md
  - .agents/skills/ru-text/references/sources.md
  - .agents/skills/ru-text/references/typography.md
  - .agents/skills/ru-text/references/ux-writing.md
  - .claude/commands/ru-check.md
  - .claude/commands/ru-score.md
  - .claude/skills/ru-text
  - .claude/skills/ru-text/SKILL.md
  - .claude/skills/ru-text/agents/gemini.yaml
  - .claude/skills/ru-text/agents/openai.yaml
  - .claude/skills/ru-text/references/addenda.md
  - .claude/skills/ru-text/references/anti-patterns.md
  - .claude/skills/ru-text/references/business-writing.md
  - .claude/skills/ru-text/references/editorial-grammar.md
  - .claude/skills/ru-text/references/editorial-punctuation.md
  - .claude/skills/ru-text/references/info-style.md
  - .claude/skills/ru-text/references/scoring.md
  - .claude/skills/ru-text/references/sources.md
  - .claude/skills/ru-text/references/typography.md
  - .claude/skills/ru-text/references/ux-writing.md
  deployed_file_hashes:
    .agents/skills/ru-text/SKILL.md: sha256:5c7668df95bae18b6c9564ebc585cb3e548cf7d3e53657a8a3dacab9957c3bd1
    .agents/skills/ru-text/agents/gemini.yaml: sha256:8ad0bb037ef842431ba01adab0642a2211d8775eeb34465bc1d60534e481f978
    .agents/skills/ru-text/agents/openai.yaml: sha256:4337e973231e6ab7337fdd86def0c7617b3346e01de74b7938c1613fe5d927a6
    .agents/skills/ru-text/references/addenda.md: sha256:0876a6f8da9c9f3fd2e3b4caca8d79783001f27cc22dab752f9669c9fa95aef7
    .agents/skills/ru-text/references/anti-patterns.md: sha256:54596a7f4940b2834e341ccc08d6d6dbe30f6233cc072ea86b00dc36b46defc8
    .agents/skills/ru-text/references/business-writing.md: sha256:689895e01768e129b38ffebf0dff14f577c32b677040d361d301a561fc97b2ae
    .agents/skills/ru-text/references/editorial-grammar.md: sha256:d857ea5ba7bedeba36fe7b788b1f56804b47a76568bef73c886e6e4ec3ec04c7
    .agents/skills/ru-text/references/editorial-punctuation.md: sha256:58880ac5679b125f7b41cabe2346821f098c6cb6258b6c712aa1cd8219f7dfc8
    .agents/skills/ru-text/references/info-style.md: sha256:ed6245ebe84db3cb57d3b4ddf1fae5646dae13003fdb2d084c0bb9886390d4d2
    .agents/skills/ru-text/references/scoring.md: sha256:4f6ee4d671e3af73679d28680e983e41f8d5f1301b12cfecce5528bc3ee8bc64
    .agents/skills/ru-text/references/sources.md: sha256:008e6bb32e64877b91d06eeb81e3e369004a29d03627550439215165d795045b
    .agents/skills/ru-text/references/typography.md: sha256:aca2f9bfa0c829778dcfcc0d6597636eead05f7c51f3d2001215e9cad700835f
    .agents/skills/ru-text/references/ux-writing.md: sha256:5642f3880cf21d0812907c4e05fd93b67e28411e0ebfd724bf546e832a8010a7
    .claude/commands/ru-check.md: sha256:2501328c161567d52c0a102063214b252541be0daaa5505e9c3a4a97874723e5
    .claude/commands/ru-score.md: sha256:6924fcbe3cbbf1cf529c0d10580fdecde123f91aa4679ee6c7026a9c29dbca8e
    .claude/skills/ru-text/SKILL.md: sha256:5c7668df95bae18b6c9564ebc585cb3e548cf7d3e53657a8a3dacab9957c3bd1
    .claude/skills/ru-text/agents/gemini.yaml: sha256:8ad0bb037ef842431ba01adab0642a2211d8775eeb34465bc1d60534e481f978
    .claude/skills/ru-text/agents/openai.yaml: sha256:4337e973231e6ab7337fdd86def0c7617b3346e01de74b7938c1613fe5d927a6
    .claude/skills/ru-text/references/addenda.md: sha256:0876a6f8da9c9f3fd2e3b4caca8d79783001f27cc22dab752f9669c9fa95aef7
    .claude/skills/ru-text/references/anti-patterns.md: sha256:54596a7f4940b2834e341ccc08d6d6dbe30f6233cc072ea86b00dc36b46defc8
    .claude/skills/ru-text/references/business-writing.md: sha256:689895e01768e129b38ffebf0dff14f577c32b677040d361d301a561fc97b2ae
    .claude/skills/ru-text/references/editorial-grammar.md: sha256:d857ea5ba7bedeba36fe7b788b1f56804b47a76568bef73c886e6e4ec3ec04c7
    .claude/skills/ru-text/references/editorial-punctuation.md: sha256:58880ac5679b125f7b41cabe2346821f098c6cb6258b6c712aa1cd8219f7dfc8
    .claude/skills/ru-text/references/info-style.md: sha256:ed6245ebe84db3cb57d3b4ddf1fae5646dae13003fdb2d084c0bb9886390d4d2
    .claude/skills/ru-text/references/scoring.md: sha256:4f6ee4d671e3af73679d28680e983e41f8d5f1301b12cfecce5528bc3ee8bc64
    .claude/skills/ru-text/references/sources.md: sha256:008e6bb32e64877b91d06eeb81e3e369004a29d03627550439215165d795045b
    .claude/skills/ru-text/references/typography.md: sha256:aca2f9bfa0c829778dcfcc0d6597636eead05f7c51f3d2001215e9cad700835f
    .claude/skills/ru-text/references/ux-writing.md: sha256:5642f3880cf21d0812907c4e05fd93b67e28411e0ebfd724bf546e832a8010a7
  content_hash: sha256:bc546b39af2f18917c3ddad49191700687fbb0fd6c4f6c4a968be8168d361f53
